
Microsoft Visual Studio Solution File, Format Version 12.00
# Visual Studio Version 17
VisualStudioVersion = 17.1.32414.318
MinimumVisualStudioVersion = 10.0.40219.1
Project("{9A19103F-16F7-4668-BE54-9A1E7A4F7556}") = "todozulu.Common", "todozulu.Common\todozulu.Common.csproj", "{BB233CBC-1207-485B-8F9F-4AF76B9793A7}"
EndProject
Project("{9A19103F-16F7-4668-BE54-9A1E7A4F7556}") = "todozulu.Functions", "todozulu.Functions\todozulu.Functions.csproj", "{8E4B145E-A65F-4BC5-9389-8A0F6230A6A3}"
EndProject
Project("{9A19103F-16F7-4668-BE54-9A1E7A4F7556}") = "todozulu.Test", "todozulu.Test\todozulu.Test.csproj", "{11171D09-83B3-43FA-B765-9B064FCF0D2B}"
EndProject
Global
	GlobalSection(SolutionConfigurationPlatforms) = preSolution
		Debug|Any CPU = Debug|Any CPU
		Release|Any CPU = Release|Any CPU
	EndGlobalSection
	GlobalSection(ProjectConfigurationPlatforms) = postSolution
		{BB233CBC-1207-485B-8F9F-4AF76B9793A7}.Debug|Any CPU.ActiveCfg = Debug|Any CPU
		{BB233CBC-1207-485B-8F9F-4AF76B9793A7}.Debug|Any CPU.Build.0 = Debug|Any CPU
		{BB233CBC-1207-485B-8F9F-4AF76B9793A7}.Release|Any CPU.ActiveCfg = Release|Any CPU
		{BB233CBC-1207-485B-8F9F-4AF76B9793A7}.Release|Any CPU.Build.0 = Release|Any CPU
		{8E4B145E-A65F-4BC5-9389-8A0F6230A6A3}.Debug|Any CPU.ActiveCfg = Debug|Any CPU
		{8E4B145E-A65F-4BC5-9389-8A0F6230A6A3}.Debug|Any CPU.Build.0 = Debug|Any CPU
		{8E4B145E-A65F-4BC5-9389-8A0F6230A6A3}.Release|Any CPU.ActiveCfg = Release|Any CPU
		{8E4B145E-A65F-4BC5-9389-8A0F6230A6A3}.Release|Any CPU.Build.0 = Release|Any CPU
		{11171D09-83B3-43FA-B765-9B064FCF0D2B}.Debug|Any CPU.ActiveCfg = Debug|Any CPU
		{11171D09-83B3-43FA-B765-9B064FCF0D2B}.Debug|Any CPU.Build.0 = Debug|Any CPU
		{11171D09-83B3-43FA-B765-9B064FCF0D2B}.Release|Any CPU.ActiveCfg = Release|Any CPU
		{11171D09-83B3-43FA-B765-9B064FCF0D2B}.Release|Any CPU.Build.0 = Release|Any CPU
	EndGlobalSection
	GlobalSection(SolutionProperties) = preSolution
		HideSolutionNode = FALSE
	EndGlobalSection
	GlobalSection(ExtensibilityGlobals) = postSolution
		SolutionGuid = {32069037-6BE8-4B9F-839B-E631E7833EED}
	EndGlobalSection
EndGlobal
